{
    "_readme": [
        "This file locks the dependencies of your project to a known state",
        "Read more about it at https://getcomposer.org/doc/01-basic-usage.md#composer-lock-the-lock-file",
        "This file is @generated automatically"
    ],
    "hash": "939520f0744914a1f5d3819d7af3a764",
    "content-hash": "5377934afbcb51d6dbbdc310556255d9",
    "packages": [
        {
            "name": "nextras/dbal",
            "version": "v1.1.1",
            "source": {
                "type": "git",
                "url": "https://github.com/nextras/dbal.git",
                "reference": "c93cd2f811c0fef12f2c66ad6811bf975e5bc7c9"
            },
            "dist": {
                "type": "zip",
                "url": "https://api.github.com/repos/nextras/dbal/zipball/c93cd2f811c0fef12f2c66ad6811bf975e5bc7c9",
                "reference": "c93cd2f811c0fef12f2c66ad6811bf975e5bc7c9",
                "shasum": ""
            },
            "require": {
                "php": ">=5.4"
            },
            "require-dev": {
                "mockery/mockery": "~0.9",
                "nette/di": "~2.3",
                "nette/tester": "~1.4 != 1.6.1",
                "tracy/tracy": "~2.3"
            },
            "type": "library",
            "extra": {
                "branch-alias": {
                    "dev-master": "1.0-dev"
                }
            },
            "autoload": {
                "psr-4": {
                    "Nextras\\Dbal\\": "src/"
                },
                "classmap": [
                    "src/exceptions.php"
                ]
            },
            "notification-url": "https://packagist.org/downloads/",
            "license": [
                "MIT"
            ],
            "authors": [
                {
                    "name": "Nextras Project",
                    "homepage": "https://github.com/nextras/dbal/graphs/contributors"
                }
            ],
            "description": "Nextras database abstraction layer",
            "homepage": "https://github.com/nextras/dbal",
            "keywords": [
                "database",
                "dbal",
                "nextras"
            ],
            "time": "2015-12-19 10:14:40"
        },
        {
            "name": "tracy/tracy",
            "version": "v2.4.3",
            "source": {
                "type": "git",
                "url": "https://github.com/nette/tracy.git",
                "reference": "9c352f10f41c374c5bb19191e385076430e39a20"
            },
            "dist": {
                "type": "zip",
                "url": "https://api.github.com/repos/nette/tracy/zipball/9c352f10f41c374c5bb19191e385076430e39a20",
                "reference": "9c352f10f41c374c5bb19191e385076430e39a20",
                "shasum": ""
            },
            "require": {
                "ext-json": "*",
                "ext-session": "*",
                "php": ">=5.4.4"
            },
            "require-dev": {
                "nette/di": "~2.3",
                "nette/tester": "~2.0"
            },
            "type": "library",
            "extra": {
                "branch-alias": {
                    "dev-master": "2.4-dev"
                }
            },
            "autoload": {
                "classmap": [
                    "src"
                ],
                "files": [
                    "src/shortcuts.php"
                ]
            },
            "notification-url": "https://packagist.org/downloads/",
            "license": [
                "BSD-3-Clause",
                "GPL-2.0",
                "GPL-3.0"
            ],
            "authors": [
                {
                    "name": "David Grudl",
                    "homepage": "https://davidgrudl.com"
                },
                {
                    "name": "Nette Community",
                    "homepage": "https://nette.org/contributors"
                }
            ],
            "description": "Tracy: useful PHP debugger",
            "homepage": "https://tracy.nette.org",
            "keywords": [
                "debug",
                "debugger",
                "nette"
            ],
            "time": "2016-09-30 14:17:54"
        },
        {
            "name": "twbs/bootstrap",
            "version": "v3.3.7",
            "source": {
                "type": "git",
                "url": "https://github.com/twbs/bootstrap.git",
                "reference": "0b9c4a4007c44201dce9a6cc1a38407005c26c86"
            },
            "dist": {
                "type": "zip",
                "url": "https://api.github.com/repos/twbs/bootstrap/zipball/0b9c4a4007c44201dce9a6cc1a38407005c26c86",
                "reference": "0b9c4a4007c44201dce9a6cc1a38407005c26c86",
                "shasum": ""
            },
            "replace": {
                "twitter/bootstrap": "self.version"
            },
            "type": "library",
            "extra": {
                "branch-alias": {
                    "dev-master": "3.3.x-dev"
                }
            },
            "notification-url": "https://packagist.org/downloads/",
            "license": [
                "MIT"
            ],
            "authors": [
                {
                    "name": "Jacob Thornton",
                    "email": "jacobthornton@gmail.com"
                },
                {
                    "name": "Mark Otto",
                    "email": "markdotto@gmail.com"
                }
            ],
            "description": "The most popular front-end framework for developing responsive, mobile first projects on the web.",
            "homepage": "http://getbootstrap.com",
            "keywords": [
                "JS",
                "css",
                "framework",
                "front-end",
                "less",
                "mobile-first",
                "responsive",
                "web"
            ],
            "time": "2016-07-25 15:51:55"
        }
    ],
    "packages-dev": [],
    "aliases": [],
    "minimum-stability": "stable",
    "stability-flags": [],
    "prefer-stable": false,
    "prefer-lowest": false,
    "platform": [],
    "platform-dev": []
}
